
Microsoft Visual Studio Solution File, Format Version 12.00
# Visual Studio Version 17
VisualStudioVersion = 17.12.35527.113
MinimumVisualStudioVersion = 10.0.40219.1
Project("{FAE04EC0-301F-11D3-BF4B-00C04F79EFBC}") = "TaskManager.API", "TaskManager.API\TaskManager.API.csproj", "{80086162-E7D6-46F7-A268-EC666E147DA4}"
EndProject
Project("{FAE04EC0-301F-11D3-BF4B-00C04F79EFBC}") = "TaskManager.Data", "TaskManager.Data\TaskManager.Data.csproj", "{7036B461-A68F-4D42-AEBD-23CAC3A6152C}"
EndProject
Project("{FAE04EC0-301F-11D3-BF4B-00C04F79EFBC}") = "TaskManager.Messaging", "TaskManager.Messaging\TaskManager.Messaging.csproj", "{8FA8A829-269E-4143-8F75-3A8AB4F28CDB}"
EndProject
Project("{FAE04EC0-301F-11D3-BF4B-00C04F79EFBC}") = "TaskManager.Service", "TaskManager.Service\TaskManager.Service.csproj", "{4BB84975-96FE-4113-BFE7-AFE7F5A7FEEC}"
EndProject
Project("{FAE04EC0-301F-11D3-BF4B-00C04F79EFBC}") = "TaskManager.Proto", "TaskManager.Proto\TaskManager.Proto.csproj", "{F33EF8A5-041B-45EA-9202-F781F84B45FF}"
EndProject
Project("{FAE04EC0-301F-11D3-BF4B-00C04F79EFBC}") = "TaskManager.Identity", "TaskManager.Identity\TaskManager.Identity.csproj", "{C21B982F-3E63-4429-82D6-2F8552030FC0}"
EndProject
Project("{FAE04EC0-301F-11D3-BF4B-00C04F79EFBC}") = "TaskManager.Configuration", "TaskManager.Configuration\TaskManager.Configuration.csproj", "{C8D076CB-AF28-4B73-9EAF-CF66913BC856}"
EndProject
Project("{2150E333-8FDC-42A3-9474-1A3956D46DE8}") = "TaskManager.UnitTest", "TaskManager.UnitTest", "{6B5C813A-9A1D-4714-B116-CDEBCDFCA8E9}"
EndProject
Project("{FAE04EC0-301F-11D3-BF4B-00C04F79EFBC}") = "TaskManager.UnitTest", "TaskManager.UnitTest\TaskManager.UnitTest.Service\TaskManager.UnitTest.Service\TaskManager.UnitTest.csproj", "{CF1A4705-2C29-47FA-86BD-8F44366ABF64}"
EndProject
Global
	GlobalSection(SolutionConfigurationPlatforms) = preSolution
		Debug|Any CPU = Debug|Any CPU
		Release|Any CPU = Release|Any CPU
	EndGlobalSection
	GlobalSection(ProjectConfigurationPlatforms) = postSolution
		{80086162-E7D6-46F7-A268-EC666E147DA4}.Debug|Any CPU.ActiveCfg = Debug|Any CPU
		{80086162-E7D6-46F7-A268-EC666E147DA4}.Debug|Any CPU.Build.0 = Debug|Any CPU
		{80086162-E7D6-46F7-A268-EC666E147DA4}.Release|Any CPU.ActiveCfg = Release|Any CPU
		{80086162-E7D6-46F7-A268-EC666E147DA4}.Release|Any CPU.Build.0 = Release|Any CPU
		{7036B461-A68F-4D42-AEBD-23CAC3A6152C}.Debug|Any CPU.ActiveCfg = Debug|Any CPU
		{7036B461-A68F-4D42-AEBD-23CAC3A6152C}.Debug|Any CPU.Build.0 = Debug|Any CPU
		{7036B461-A68F-4D42-AEBD-23CAC3A6152C}.Release|Any CPU.ActiveCfg = Release|Any CPU
		{7036B461-A68F-4D42-AEBD-23CAC3A6152C}.Release|Any CPU.Build.0 = Release|Any CPU
		{8FA8A829-269E-4143-8F75-3A8AB4F28CDB}.Debug|Any CPU.ActiveCfg = Debug|Any CPU
		{8FA8A829-269E-4143-8F75-3A8AB4F28CDB}.Debug|Any CPU.Build.0 = Debug|Any CPU
		{8FA8A829-269E-4143-8F75-3A8AB4F28CDB}.Release|Any CPU.ActiveCfg = Release|Any CPU
		{8FA8A829-269E-4143-8F75-3A8AB4F28CDB}.Release|Any CPU.Build.0 = Release|Any CPU
		{4BB84975-96FE-4113-BFE7-AFE7F5A7FEEC}.Debug|Any CPU.ActiveCfg = Debug|Any CPU
		{4BB84975-96FE-4113-BFE7-AFE7F5A7FEEC}.Debug|Any CPU.Build.0 = Debug|Any CPU
		{4BB84975-96FE-4113-BFE7-AFE7F5A7FEEC}.Release|Any CPU.ActiveCfg = Release|Any CPU
		{4BB84975-96FE-4113-BFE7-AFE7F5A7FEEC}.Release|Any CPU.Build.0 = Release|Any CPU
		{F33EF8A5-041B-45EA-9202-F781F84B45FF}.Debug|Any CPU.ActiveCfg = Debug|Any CPU
		{F33EF8A5-041B-45EA-9202-F781F84B45FF}.Debug|Any CPU.Build.0 = Debug|Any CPU
		{F33EF8A5-041B-45EA-9202-F781F84B45FF}.Release|Any CPU.ActiveCfg = Release|Any CPU
		{F33EF8A5-041B-45EA-9202-F781F84B45FF}.Release|Any CPU.Build.0 = Release|Any CPU
		{C21B982F-3E63-4429-82D6-2F8552030FC0}.Debug|Any CPU.ActiveCfg = Debug|Any CPU
		{C21B982F-3E63-4429-82D6-2F8552030FC0}.Debug|Any CPU.Build.0 = Debug|Any CPU
		{C21B982F-3E63-4429-82D6-2F8552030FC0}.Release|Any CPU.ActiveCfg = Release|Any CPU
		{C21B982F-3E63-4429-82D6-2F8552030FC0}.Release|Any CPU.Build.0 = Release|Any CPU
		{C8D076CB-AF28-4B73-9EAF-CF66913BC856}.Debug|Any CPU.ActiveCfg = Debug|Any CPU
		{C8D076CB-AF28-4B73-9EAF-CF66913BC856}.Debug|Any CPU.Build.0 = Debug|Any CPU
		{C8D076CB-AF28-4B73-9EAF-CF66913BC856}.Release|Any CPU.ActiveCfg = Release|Any CPU
		{C8D076CB-AF28-4B73-9EAF-CF66913BC856}.Release|Any CPU.Build.0 = Release|Any CPU
		{CF1A4705-2C29-47FA-86BD-8F44366ABF64}.Debug|Any CPU.ActiveCfg = Debug|Any CPU
		{CF1A4705-2C29-47FA-86BD-8F44366ABF64}.Debug|Any CPU.Build.0 = Debug|Any CPU
		{CF1A4705-2C29-47FA-86BD-8F44366ABF64}.Release|Any CPU.ActiveCfg = Release|Any CPU
		{CF1A4705-2C29-47FA-86BD-8F44366ABF64}.Release|Any CPU.Build.0 = Release|Any CPU
	EndGlobalSection
	GlobalSection(SolutionProperties) = preSolution
		HideSolutionNode = FALSE
	EndGlobalSection
	GlobalSection(NestedProjects) = preSolution
		{CF1A4705-2C29-47FA-86BD-8F44366ABF64} = {6B5C813A-9A1D-4714-B116-CDEBCDFCA8E9}
	EndGlobalSection
EndGlobal
